
Microsoft Visual Studio Solution File, Format Version 12.00
# Visual Studio Version 17
VisualStudioVersion = 17.9.34622.214
MinimumVisualStudioVersion = 10.0.40219.1
Project("{FAE04EC0-301F-11D3-BF4B-00C04F79EFBC}") = "OurBeautyReferralNetwork", "OurBeautyReferralNetwork.csproj", "{BA4547AC-BDA9-49B7-BFBB-2C1BE7A9F606}"
EndProject
Global
	GlobalSection(SolutionConfigurationPlatforms) = preSolution
		Debug|Any CPU = Debug|Any CPU
		Release|Any CPU = Release|Any CPU
	EndGlobalSection
	GlobalSection(ProjectConfigurationPlatforms) = postSolution
		{BA4547AC-BDA9-49B7-BFBB-2C1BE7A9F606}.Debug|Any CPU.ActiveCfg = Debug|Any CPU
		{BA4547AC-BDA9-49B7-BFBB-2C1BE7A9F606}.Debug|Any CPU.Build.0 = Debug|Any CPU
		{BA4547AC-BDA9-49B7-BFBB-2C1BE7A9F606}.Release|Any CPU.ActiveCfg = Release|Any CPU
		{BA4547AC-BDA9-49B7-BFBB-2C1BE7A9F606}.Release|Any CPU.Build.0 = Release|Any CPU
	EndGlobalSection
	GlobalSection(SolutionProperties) = preSolution
		HideSolutionNode = FALSE
	EndGlobalSection
	GlobalSection(ExtensibilityGlobals) = postSolution
		SolutionGuid = {87D27DB7-882E-489E-A4B0-2444D84FCBEE}
	EndGlobalSection
EndGlobal
